// !$*UTF8*$!
{
	archiveVersion = 1;
	classes = {
	};
	objectVersion = 46;
	objects = {

/* Begin PBXBuildFile section */
		2B8E456B1DC9977B00F1552F /* main.m in Sources */ = {isa = PBXBuildFile; fileRef = 2B8E456A1DC9977B00F1552F /* main.m */; };
		2B8E456E1DC9977B00F1552F /* AppDelegate.m in Sources */ = {isa = PBXBuildFile; fileRef = 2B8E456D1DC9977B00F1552F /* AppDelegate.m */; };
		2B8E45711DC9977B00F1552F /* ViewController.m in Sources */ = {isa = PBXBuildFile; fileRef = 2B8E45701DC9977B00F1552F /* ViewController.m */; };
		2B8E45741DC9977B00F1552F /* Main.storyboard in Resources */ = {isa = PBXBuildFile; fileRef = 2B8E45721DC9977B00F1552F /* Main.storyboard */; };
		2B8E45761DC9977B00F1552F /* Assets.xcassets in Resources */ = {isa = PBXBuildFile; fileRef = 2B8E45751DC9977B00F1552F /* Assets.xcassets */; };
		2B8E45791DC9977B00F1552F /* LaunchScreen.storyboard in Resources */ = {isa = PBXBuildFile; fileRef = 2B8E45771DC9977B00F1552F /* LaunchScreen.storyboard */; };
		2B8E45841DC9977B00F1552F /* __Tests.m in Sources */ = {isa = PBXBuildFile; fileRef = 2B8E45831DC9977B00F1552F /* __Tests.m */; };
		2B8E458F1DC9977B00F1552F /* __UITests.m in Sources */ = {isa = PBXBuildFile; fileRef = 2B8E458E1DC9977B00F1552F /* __UITests.m */; };
/* End PBXBuildFile section */

/* Begin PBXContainerItemProxy section */
		2B8E45801DC9977B00F1552F /* PBXContainerItemProxy */ = {
			isa = PBXContainerItemProxy;
			containerPortal = 2B8E455E1DC9977B00F1552F /* Project object */;
			proxyType = 1;
			remoteGlobalIDString = 2B8E45651DC9977B00F1552F;
			remoteInfo = "画图";
		};
		2B8E458B1DC9977B00F1552F /* PBXContainerItemProxy */ = {
			isa = PBXContainerItemProxy;
			containerPortal = 2B8E455E1DC9977B00F1552F /* Project object */;
			proxyType = 1;
			remoteGlobalIDString = 2B8E45651DC9977B00F1552F;
			remoteInfo = "画图";
		};
/* End PBXContainerItemProxy section */

/* Begin PBXFileReference section */
		2B8E45661DC9977B00F1552F /* 画图.app */ = {isa = PBXFileReference; explicitFileType = wrapper.application; includeInIndex = 0; path = "画图.app"; sourceTree = BUILT_PRODUCTS_DIR; };
		2B8E456A1DC9977B00F1552F /* main.m */ = {isa = PBXFileReference; lastKnownFileType = sourcecode.c.objc; path = main.m; sourceTree = "<group>"; };
		2B8E456C1DC9977B00F1552F /* AppDelegate.h */ = {isa = PBXFileReference; lastKnownFileType = sourcecode.c.h; path = AppDelegate.h; sourceTree = "<group>"; };
		2B8E456D1DC9977B00F1552F /* AppDelegate.m */ = {isa = PBXFileReference; lastKnownFileType = sourcecode.c.objc; path = AppDelegate.m; sourceTree = "<group>"; };
		2B8E456F1DC9977B00F1552F /* ViewController.h */ = {isa = PBXFileReference; lastKnownFileType = sourcecode.c.h; path = ViewController.h; sourceTree = "<group>"; };
		2B8E45701DC9977B00F1552F /* ViewController.m */ = {isa = PBXFileReference; lastKnownFileType = sourcecode.c.objc; path = ViewController.m; sourceTree = "<group>"; };
		2B8E45731DC9977B00F1552F /* Base */ = {isa = PBXFileReference; lastKnownFileType = file.storyboard; name = Base; path = Base.lproj/Main.storyboard; sourceTree = "<group>"; };
		2B8E45751DC9977B00F1552F /* Assets.xcassets */ = {isa = PBXFileReference; lastKnownFileType = folder.assetcatalog; path = Assets.xcassets; sourceTree = "<group>"; };
		2B8E45781DC9977B00F1552F /* Base */ = {isa = PBXFileReference; lastKnownFileType = file.storyboard; name = Base; path = Base.lproj/LaunchScreen.storyboard; sourceTree = "<group>"; };
		2B8E457A1DC9977B00F1552F /* Info.plist */ = {isa = PBXFileReference; lastKnownFileType = text.plist.xml; path = Info.plist; sourceTree = "<group>"; };
		2B8E457F1DC9977B00F1552F /* 画图Tests.xctest */ = {isa = PBXFileReference; explicitFileType = wrapper.cfbundle; includeInIndex = 0; path = "画图Tests.xctest"; sourceTree = BUILT_PRODUCTS_DIR; };
		2B8E45831DC9977B00F1552F /* __Tests.m */ = {isa = PBXFileReference; lastKnownFileType = sourcecode.c.objc; path = __Tests.m; sourceTree = "<group>"; };
		2B8E45851DC9977B00F1552F /* Info.plist */ = {isa = PBXFileReference; lastKnownFileType = text.plist.xml; path = Info.plist; sourceTree = "<group>"; };
		2B8E458A1DC9977B00F1552F /* 画图UITests.xctest */ = {isa = PBXFileReference; explicitFileType = wrapper.cfbundle; includeInIndex = 0; path = "画图UITests.xctest"; sourceTree = BUILT_PRODUCTS_DIR; };
		2B8E458E1DC9977B00F1552F /* __UITests.m */ = {isa = PBXFileReference; lastKnownFileType = sourcecode.c.objc; path = __UITests.m; sourceTree = "<group>"; };
		2B8E45901DC9977B00F1552F /* Info.plist */ = {isa = PBXFileReference; lastKnownFileType = text.plist.xml; path = Info.plist; sourceTree = "<group>"; };
/* End PBXFileReference section */

/* Begin PBXFrameworksBuildPhase section */
		2B8E45631DC9977B00F1552F /* Frameworks */ = {
			isa = PBXFrameworksBuildPhase;
			buildActionMask = 2147483647;
			files = (
			);
			runOnlyForDeploymentPostprocessing = 0;
		};
		2B8E457C1DC9977B00F1552F /* Frameworks */ = {
			isa = PBXFrameworksBuildPhase;
			buildActionMask = 2147483647;
			files = (
			);
			runOnlyForDeploymentPostprocessing = 0;
		};
		2B8E45871DC9977B00F1552F /* Frameworks */ = {
			isa = PBXFrameworksBuildPhase;
			buildActionMask = 2147483647;
			files = (
			);
			runOnlyForDeploymentPostprocessing = 0;
		};
/* End PBXFrameworksBuildPhase section */

/* Begin PBXGroup section */
		2B8E455D1DC9977B00F1552F = {
			isa = PBXGroup;
			children = (
				2B8E45681DC9977B00F1552F /* 画图 */,
				2B8E45821DC9977B00F1552F /* 画图Tests */,
				2B8E458D1DC9977B00F1552F /* 画图UITests */,
				2B8E45671DC9977B00F1552F /* Products */,
			);
			sourceTree = "<group>";
		};
		2B8E45671DC9977B00F1552F /* Products */ = {
			isa = PBXGroup;
			children = (
				2B8E45661DC9977B00F1552F /* 画图.app */,
				2B8E457F1DC9977B00F1552F /* 画图Tests.xctest */,
				2B8E458A1DC9977B00F1552F /* 画图UITests.xctest */,
			);
			name = Products;
			sourceTree = "<group>";
		};
		2B8E45681DC9977B00F1552F /* 画图 */ = {
			isa = PBXGroup;
			children = (
				2B8E456C1DC9977B00F1552F /* AppDelegate.h */,
				2B8E456D1DC9977B00F1552F /* AppDelegate.m */,
				2B8E456F1DC9977B00F1552F /* ViewController.h */,
				2B8E45701DC9977B00F1552F /* ViewController.m */,
				2B8E45721DC9977B00F1552F /* Main.storyboard */,
				2B8E45751DC9977B00F1552F /* Assets.xcassets */,
				2B8E45771DC9977B00F1552F /* LaunchScreen.storyboard */,
				2B8E457A1DC9977B00F1552F /* Info.plist */,
				2B8E45691DC9977B00F1552F /* Supporting Files */,
			);
			path = "画图";
			sourceTree = "<group>";
		};
		2B8E45691DC9977B00F1552F /* Supporting Files */ = {
			isa = PBXGroup;
			children = (
				2B8E456A1DC9977B00F1552F /* main.m */,
			);
			name = "Supporting Files";
			sourceTree = "<group>";
		};
		2B8E45821DC9977B00F1552F /* 画图Tests */ = {
			isa = PBXGroup;
			children = (
				2B8E45831DC9977B00F1552F /* __Tests.m */,
				2B8E45851DC9977B00F1552F /* Info.plist */,
			);
			path = "画图Tests";
			sourceTree = "<group>";
		};
		2B8E458D1DC9977B00F1552F /* 画图UITests */ = {
			isa = PBXGroup;
			children = (
				2B8E458E1DC9977B00F1552F /* __UITests.m */,
				2B8E45901DC9977B00F1552F /* Info.plist */,
			);
			path = "画图UITests";
			sourceTree = "<group>";
		};
/* End PBXGroup section */

/* Begin PBXNativeTarget section */
		2B8E45651DC9977B00F1552F /* 画图 */ = {
			isa = PBXNativeTarget;
			buildConfigurationList = 2B8E45931DC9977B00F1552F /* Build configuration list for PBXNativeTarget "画图" */;
			buildPhases = (
				2B8E45621DC9977B00F1552F /* Sources */,
				2B8E45631DC9977B00F1552F /* Frameworks */,
				2B8E45641DC9977B00F1552F /* Resources */,
			);
			buildRules = (
			);
			dependencies = (
			);
			name = "画图";
			productName = "画图";
			productReference = 2B8E45661DC9977B00F1552F /* 画图.app */;
			productType = "com.apple.product-type.application";
		};
		2B8E457E1DC9977B00F1552F /* 画图Tests */ = {
			isa = PBXNativeTarget;
			buildConfigurationList = 2B8E45961DC9977B00F1552F /* Build configuration list for PBXNativeTarget "画图Tests" */;
			buildPhases = (
				2B8E457B1DC9977B00F1552F /* Sources */,
				2B8E457C1DC9977B00F1552F /* Frameworks */,
				2B8E457D1DC9977B00F1552F /* Resources */,
			);
			buildRules = (
			);
			dependencies = (
				2B8E45811DC9977B00F1552F /* PBXTargetDependency */,
			);
			name = "画图Tests";
			productName = "画图Tests";
			productReference = 2B8E457F1DC9977B00F1552F /* 画图Tests.xctest */;
			productType = "com.apple.product-type.bundle.unit-test";
		};
		2B8E45891DC9977B00F1552F /* 画图UITests */ = {
			isa = PBXNativeTarget;
			buildConfigurationList = 2B8E45991DC9977B00F1552F /* Build configuration list for PBXNativeTarget "画图UITests" */;
			buildPhases = (
				2B8E45861DC9977B00F1552F /* Sources */,
				2B8E45871DC9977B00F1552F /* Frameworks */,
				2B8E45881DC9977B00F1552F /* Resources */,
			);
			buildRules = (
			);
			dependencies = (
				2B8E458C1DC9977B00F1552F /* PBXTargetDependency */,
			);
			name = "画图UITests";
			productName = "画图UITests";
			productReference = 2B8E458A1DC9977B00F1552F /* 画图UITests.xctest */;
			productType = "com.apple.product-type.bundle.ui-testing";
		};
/* End PBXNativeTarget section */

/* Begin PBXProject section */
		2B8E455E1DC9977B00F1552F /* Project object */ = {
			isa = PBXProject;
			attributes = {
				LastUpgradeCheck = 0800;
				ORGANIZATIONNAME = tao;
				TargetAttributes = {
					2B8E45651DC9977B00F1552F = {
						CreatedOnToolsVersion = 8.0;
						ProvisioningStyle = Automatic;
					};
					2B8E457E1DC9977B00F1552F = {
						CreatedOnToolsVersion = 8.0;
						ProvisioningStyle = Automatic;
						TestTargetID = 2B8E45651DC9977B00F1552F;
					};
					2B8E45891DC9977B00F1552F = {
						CreatedOnToolsVersion = 8.0;
						ProvisioningStyle = Automatic;
						TestTargetID = 2B8E45651DC9977B00F1552F;
					};
				};
			};
			buildConfigurationList = 2B8E45611DC9977B00F1552F /* Build configuration list for PBXProject "画图" */;
			compatibilityVersion = "Xcode 3.2";
			developmentRegion = English;
			hasScannedForEncodings = 0;
			knownRegions = (
				en,
				Base,
			);
			mainGroup = 2B8E455D1DC9977B00F1552F;
			productRefGroup = 2B8E45671DC9977B00F1552F /* Products */;
			projectDirPath = "";
			projectRoot = "";
			targets = (
				2B8E45651DC9977B00F1552F /* 画图 */,
				2B8E457E1DC9977B00F1552F /* 画图Tests */,
				2B8E45891DC9977B00F1552F /* 画图UITests */,
			);
		};
/* End PBXProject section */

/* Begin PBXResourcesBuildPhase section */
		2B8E45641DC9977B00F1552F /* Resources */ = {
			isa = PBXResourcesBuildPhase;
			buildActionMask = 2147483647;
			files = (
				2B8E45791DC9977B00F1552F /* LaunchScreen.storyboard in Resources */,
				2B8E45761DC9977B00F1552F /* Assets.xcassets in Resources */,
				2B8E45741DC9977B00F1552F /* Main.storyboard in Resources */,
			);
			runOnlyForDeploymentPostprocessing = 0;
		};
		2B8E457D1DC9977B00F1552F /* Resources */ = {
			isa = PBXResourcesBuildPhase;
			buildActionMask = 2147483647;
			files = (
			);
			runOnlyForDeploymentPostprocessing = 0;
		};
		2B8E45881DC9977B00F1552F /* Resources */ = {
			isa = PBXResourcesBuildPhase;
			buildActionMask = 2147483647;
			files = (
			);
			runOnlyForDeploymentPostprocessing = 0;
		};
/* End PBXResourcesBuildPhase section */

/* Begin PBXSourcesBuildPhase section */
		2B8E45621DC9977B00F1552F /* Sources */ = {
			isa = PBXSourcesBuildPhase;
			buildActionMask = 2147483647;
			files = (
				2B8E45711DC9977B00F1552F /* ViewController.m in Sources */,
				2B8E456E1DC9977B00F1552F /* AppDelegate.m in Sources */,
				2B8E456B1DC9977B00F1552F /* main.m in Sources */,
			);
			runOnlyForDeploymentPostprocessing = 0;
		};
		2B8E457B1DC9977B00F1552F /* Sources */ = {
			isa = PBXSourcesBuildPhase;
			buildActionMask = 2147483647;
			files = (
				2B8E45841DC9977B00F1552F /* __Tests.m in Sources */,
			);
			runOnlyForDeploymentPostprocessing = 0;
		};
		2B8E45861DC9977B00F1552F /* Sources */ = {
			isa = PBXSourcesBuildPhase;
			buildActionMask = 2147483647;
			files = (
				2B8E458F1DC9977B00F1552F /* __UITests.m in Sources */,
			);
			runOnlyForDeploymentPostprocessing = 0;
		};
/* End PBXSourcesBuildPhase section */

/* Begin PBXTargetDependency section */
		2B8E45811DC9977B00F1552F /* PBXTargetDependency */ = {
			isa = PBXTargetDependency;
			target = 2B8E45651DC9977B00F1552F /* 画图 */;
			targetProxy = 2B8E45801DC9977B00F1552F /* PBXContainerItemProxy */;
		};
		2B8E458C1DC9977B00F1552F /* PBXTargetDependency */ = {
			isa = PBXTargetDependency;
			target = 2B8E45651DC9977B00F1552F /* 画图 */;
			targetProxy = 2B8E458B1DC9977B00F1552F /* PBXContainerItemProxy */;
		};
/* End PBXTargetDependency section */

/* Begin PBXVariantGroup section */
		2B8E45721DC9977B00F1552F /* Main.storyboard */ = {
			isa = PBXVariantGroup;
			children = (
				2B8E45731DC9977B00F1552F /* Base */,
			);
			name = Main.storyboard;
			sourceTree = "<group>";
		};
		2B8E45771DC9977B00F1552F /* LaunchScreen.storyboard */ = {
			isa = PBXVariantGroup;
			children = (
				2B8E45781DC9977B00F1552F /* Base */,
			);
			name = LaunchScreen.storyboard;
			sourceTree = "<group>";
		};
/* End PBXVariantGroup section */

/* Begin XCBuildConfiguration section */
		2B8E45911DC9977B00F1552F /* Debug */ = {
			isa = XCBuildConfiguration;
			buildSettings = {
				ALWAYS_SEARCH_USER_PATHS = NO;
				CLANG_ANALYZER_NONNULL = YES;
				CLANG_CXX_LANGUAGE_STANDARD = "gnu++0x";
				CLANG_CXX_LIBRARY = "libc++";
				CLANG_ENABLE_MODULES = YES;
				CLANG_ENABLE_OBJC_ARC = YES;
				CLANG_WARN_BOOL_CONVERSION = YES;
				CLANG_WARN_CONSTANT_CONVERSION = YES;
				CLANG_WARN_DIRECT_OBJC_ISA_USAGE = YES_ERROR;
				CLANG_WARN_DOCUMENTATION_COMMENTS = YES;
				CLANG_WARN_EMPTY_BODY = YES;
				CLANG_WARN_ENUM_CONVERSION = YES;
				CLANG_WARN_INFINITE_RECURSION = YES;
				CLANG_WARN_INT_CONVERSION = YES;
				CLANG_WARN_OBJC_ROOT_CLASS = YES_ERROR;
				CLANG_WARN_SUSPICIOUS_MOVES = YES;
				CLANG_WARN_UNREACHABLE_CODE = YES;
				CLANG_WARN__DUPLICATE_METHOD_MATCH = YES;
				"CODE_SIGN_IDENTITY[sdk=iphoneos*]" = "iPhone Developer";
				COPY_PHASE_STRIP = NO;
				DEBUG_INFORMATION_FORMAT = dwarf;
				ENABLE_STRICT_OBJC_MSGSEND = YES;
				ENABLE_TESTABILITY = YES;
				GCC_C_LANGUAGE_STANDARD = gnu99;
				GCC_DYNAMIC_NO_PIC = NO;
				GCC_NO_COMMON_BLOCKS = YES;
				GCC_OPTIMIZATION_LEVEL = 0;
				GCC_PREPROCESSOR_DEFINITIONS = (
					"DEBUG=1",
					"$(inherited)",
				);
				GCC_WARN_64_TO_32_BIT_CONVERSION = YES;
				GCC_WARN_ABOUT_RETURN_TYPE = YES_ERROR;
				GCC_WARN_UNDECLARED_SELECTOR = YES;
				GCC_WARN_UNINITIALIZED_AUTOS = YES_AGGRESSIVE;
				GCC_WARN_UNUSED_FUNCTION = YES;
				GCC_WARN_UNUSED_VARIABLE = YES;
				IPHONEOS_DEPLOYMENT_TARGET = 10.0;
				MTL_ENABLE_DEBUG_INFO = YES;
				ONLY_ACTIVE_ARCH = YES;
				SDKROOT = iphoneos;
				TARGETED_DEVICE_FAMILY = "1,2";
			};
			name = Debug;
		};
		2B8E45921DC9977B00F1552F /* Release */ = {
			isa = XCBuildConfiguration;
			buildSettings = {
				ALWAYS_SEARCH_USER_PATHS = NO;
				CLANG_ANALYZER_NONNULL = YES;
				CLANG_CXX_LANGUAGE_STANDARD = "gnu++0x";
				CLANG_CXX_LIBRARY = "libc++";
				CLANG_ENABLE_MODULES = YES;
				CLANG_ENABLE_OBJC_ARC = YES;
				CLANG_WARN_BOOL_CONVERSION = YES;
				CLANG_WARN_CONSTANT_CONVERSION = YES;
				CLANG_WARN_DIRECT_OBJC_ISA_USAGE = YES_ERROR;
				CLANG_WARN_DOCUMENTATION_COMMENTS = YES;
				CLANG_WARN_EMPTY_BODY = YES;
				CLANG_WARN_ENUM_CONVERSION = YES;
				CLANG_WARN_INFINITE_RECURSION = YES;
				CLANG_WARN_INT_CONVERSION = YES;
				CLANG_WARN_OBJC_ROOT_CLASS = YES_ERROR;
				CLANG_WARN_SUSPICIOUS_MOVES = YES;
				CLANG_WARN_UNREACHABLE_CODE = YES;
				CLANG_WARN__DUPLICATE_METHOD_MATCH = YES;
				"CODE_SIGN_IDENTITY[sdk=iphoneos*]" = "iPhone Developer";
				COPY_PHASE_STRIP = NO;
				DEBUG_INFORMATION_FORMAT = "dwarf-with-dsym";
				ENABLE_NS_ASSERTIONS = NO;
				ENABLE_STRICT_OBJC_MSGSEND = YES;
				GCC_C_LANGUAGE_STANDARD = gnu99;
				GCC_NO_COMMON_BLOCKS = YES;
				GCC_WARN_64_TO_32_BIT_CONVERSION = YES;
				GCC_WARN_ABOUT_RETURN_TYPE = YES_ERROR;
				GCC_WARN_UNDECLARED_SELECTOR = YES;
				GCC_WARN_UNINITIALIZED_AUTOS = YES_AGGRESSIVE;
				GCC_WARN_UNUSED_FUNCTION = YES;
				GCC_WARN_UNUSED_VARIABLE = YES;
				IPHONEOS_DEPLOYMENT_TARGET = 10.0;
				MTL_ENABLE_DEBUG_INFO = NO;
				SDKROOT = iphoneos;
				TARGETED_DEVICE_FAMILY = "1,2";
				VALIDATE_PRODUCT = YES;
			};
			name = Release;
		};
		2B8E45941DC9977B00F1552F /* Debug */ = {
			isa = XCBuildConfiguration;
			buildSettings = {
				ASSETCATALOG_COMPILER_APPICON_NAME = AppIcon;
				INFOPLIST_FILE = "画图/Info.plist";
				LD_RUNPATH_SEARCH_PATHS = "$(inherited) @executable_path/Frameworks";
				PRODUCT_BUNDLE_IDENTIFIER = "cn.edu.hdu.www.--";
				PRODUCT_NAME = "$(TARGET_NAME)";
			};
			name = Debug;
		};
		2B8E45951DC9977B00F1552F /* Release */ = {
			isa = XCBuildConfiguration;
			buildSettings = {
				ASSETCATALOG_COMPILER_APPICON_NAME = AppIcon;
				INFOPLIST_FILE = "画图/Info.plist";
				LD_RUNPATH_SEARCH_PATHS = "$(inherited) @executable_path/Frameworks";
				PRODUCT_BUNDLE_IDENTIFIER = "cn.edu.hdu.www.--";
				PRODUCT_NAME = "$(TARGET_NAME)";
			};
			name = Release;
		};
		2B8E45971DC9977B00F1552F /* Debug */ = {
			isa = XCBuildConfiguration;
			buildSettings = {
				BUNDLE_LOADER = "$(TEST_HOST)";
				INFOPLIST_FILE = "画图Tests/Info.plist";
				LD_RUNPATH_SEARCH_PATHS = "$(inherited) @executable_path/Frameworks @loader_path/Frameworks";
				PRODUCT_BUNDLE_IDENTIFIER = "cn.edu.hdu.www.--Tests";
				PRODUCT_NAME = "$(TARGET_NAME)";
				TEST_HOST = "$(BUILT_PRODUCTS_DIR)/画图.app/画图";
			};
			name = Debug;
		};
		2B8E45981DC9977B00F1552F /* Release */ = {
			isa = XCBuildConfiguration;
			buildSettings = {
				BUNDLE_LOADER = "$(TEST_HOST)";
				INFOPLIST_FILE = "画图Tests/Info.plist";
				LD_RUNPATH_SEARCH_PATHS = "$(inherited) @executable_path/Frameworks @loader_path/Frameworks";
				PRODUCT_BUNDLE_IDENTIFIER = "cn.edu.hdu.www.--Tests";
				PRODUCT_NAME = "$(TARGET_NAME)";
				TEST_HOST = "$(BUILT_PRODUCTS_DIR)/画图.app/画图";
			};
			name = Release;
		};
		2B8E459A1DC9977B00F1552F /* Debug */ = {
			isa = XCBuildConfiguration;
			buildSettings = {
				INFOPLIST_FILE = "画图UITests/Info.plist";
				LD_RUNPATH_SEARCH_PATHS = "$(inherited) @executable_path/Frameworks @loader_path/Frameworks";
				PRODUCT_BUNDLE_IDENTIFIER = "cn.edu.hdu.www.--UITests";
				PRODUCT_NAME = "$(TARGET_NAME)";
				TEST_TARGET_NAME = "画图";
			};
			name = Debug;
		};
		2B8E459B1DC9977B00F1552F /* Release */ = {
			isa = XCBuildConfiguration;
			buildSettings = {
				INFOPLIST_FILE = "画图UITests/Info.plist";
				LD_RUNPATH_SEARCH_PATHS = "$(inherited) @executable_path/Frameworks @loader_path/Frameworks";
				PRODUCT_BUNDLE_IDENTIFIER = "cn.edu.hdu.www.--UITests";
				PRODUCT_NAME = "$(TARGET_NAME)";
				TEST_TARGET_NAME = "画图";
			};
			name = Release;
		};
/* End XCBuildConfiguration section */

/* Begin XCConfigurationList section */
		2B8E45611DC9977B00F1552F /* Build configuration list for PBXProject "画图" */ = {
			isa = XCConfigurationList;
			buildConfigurations = (
				2B8E45911DC9977B00F1552F /* Debug */,
				2B8E45921DC9977B00F1552F /* Release */,
			);
			defaultConfigurationIsVisible = 0;
			defaultConfigurationName = Release;
		};
		2B8E45931DC9977B00F1552F /* Build configuration list for PBXNativeTarget "画图" */ = {
			isa = XCConfigurationList;
			buildConfigurations = (
				2B8E45941DC9977B00F1552F /* Debug */,
				2B8E45951DC9977B00F1552F /* Release */,
			);
			defaultConfigurationIsVisible = 0;
		};
		2B8E45961DC9977B00F1552F /* Build configuration list for PBXNativeTarget "画图Tests" */ = {
			isa = XCConfigurationList;
			buildConfigurations = (
				2B8E45971DC9977B00F1552F /* Debug */,
				2B8E45981DC9977B00F1552F /* Release */,
			);
			defaultConfigurationIsVisible = 0;
		};
		2B8E45991DC9977B00F1552F /* Build configuration list for PBXNativeTarget "画图UITests" */ = {
			isa = XCConfigurationList;
			buildConfigurations = (
				2B8E459A1DC9977B00F1552F /* Debug */,
				2B8E459B1DC9977B00F1552F /* Release */,
			);
			defaultConfigurationIsVisible = 0;
		};
/* End XCConfigurationList section */
	};
	rootObject = 2B8E455E1DC9977B00F1552F /* Project object */;
}
